
Microsoft Visual Studio Solution File, Format Version 12.00
# Visual Studio Version 17
VisualStudioVersion = 17.4.33403.182
MinimumVisualStudioVersion = 10.0.40219.1
Project("{FAE04EC0-301F-11D3-BF4B-00C04F79EFBC}") = "MelihHocaOdev3.Hafta", "MelihHocaOdev3.Hafta\MelihHocaOdev3.Hafta.csproj", "{71FAABA8-0C1D-4DD4-99F4-C356A39294E6}"
EndProject
Global
	GlobalSection(SolutionConfigurationPlatforms) = preSolution
		Debug|Any CPU = Debug|Any CPU
		Release|Any CPU = Release|Any CPU
	EndGlobalSection
	GlobalSection(ProjectConfigurationPlatforms) = postSolution
		{71FAABA8-0C1D-4DD4-99F4-C356A39294E6}.Debug|Any CPU.ActiveCfg = Debug|Any CPU
		{71FAABA8-0C1D-4DD4-99F4-C356A39294E6}.Debug|Any CPU.Build.0 = Debug|Any CPU
		{71FAABA8-0C1D-4DD4-99F4-C356A39294E6}.Release|Any CPU.ActiveCfg = Release|Any CPU
		{71FAABA8-0C1D-4DD4-99F4-C356A39294E6}.Release|Any CPU.Build.0 = Release|Any CPU
	EndGlobalSection
	GlobalSection(SolutionProperties) = preSolution
		HideSolutionNode = FALSE
	EndGlobalSection
	GlobalSection(ExtensibilityGlobals) = postSolution
		SolutionGuid = {6D03BC09-34D0-4B7B-BE73-F76AC290B891}
	EndGlobalSection
EndGlobal
